
Microsoft Visual Studio Solution File, Format Version 12.00
# Visual Studio Version 16
VisualStudioVersion = 16.0.31729.503
MinimumVisualStudioVersion = 10.0.40219.1
Project("{FAE04EC0-301F-11D3-BF4B-00C04F79EFBC}") = "WebAPI", "WebAPI\WebAPI.csproj", "{F7AEEF27-4AA3-4F0B-A9E4-D9DFFC52CD02}"
EndProject
Project("{FAE04EC0-301F-11D3-BF4B-00C04F79EFBC}") = "Enyedi_Stefann_Lab12.Android", "Enyedi_Stefann_Lab12\Enyedi_Stefann_Lab12.Android\Enyedi_Stefann_Lab12.Android.csproj", "{33779DD1-CDEB-4320-977B-4D050FE06E9F}"
EndProject
Project("{FAE04EC0-301F-11D3-BF4B-00C04F79EFBC}") = "Enyedi_Stefann_Lab12.iOS", "Enyedi_Stefann_Lab12\Enyedi_Stefann_Lab12.iOS\Enyedi_Stefann_Lab12.iOS.csproj", "{A2F1AADF-A20D-4646-AE6D-F41F05C4C299}"
EndProject
Project("{FAE04EC0-301F-11D3-BF4B-00C04F79EFBC}") = "Enyedi_Stefann_Lab12", "Enyedi_Stefann_Lab12\Enyedi_Stefann_Lab12\Enyedi_Stefann_Lab12.csproj", "{42D37DF0-A489-4F96-87EF-F64FBB5126B2}"
EndProject
Global
	GlobalSection(SolutionConfigurationPlatforms) = preSolution
		Debug|Any CPU = Debug|Any CPU
		Debug|iPhone = Debug|iPhone
		Debug|iPhoneSimulator = Debug|iPhoneSimulator
		Release|Any CPU = Release|Any CPU
		Release|iPhone = Release|iPhone
		Release|iPhoneSimulator = Release|iPhoneSimulator
	EndGlobalSection
	GlobalSection(ProjectConfigurationPlatforms) = postSolution
		{F7AEEF27-4AA3-4F0B-A9E4-D9DFFC52CD02}.Debug|Any CPU.ActiveCfg = Debug|Any CPU
		{F7AEEF27-4AA3-4F0B-A9E4-D9DFFC52CD02}.Debug|Any CPU.Build.0 = Debug|Any CPU
		{F7AEEF27-4AA3-4F0B-A9E4-D9DFFC52CD02}.Debug|iPhone.ActiveCfg = Debug|Any CPU
		{F7AEEF27-4AA3-4F0B-A9E4-D9DFFC52CD02}.Debug|iPhone.Build.0 = Debug|Any CPU
		{F7AEEF27-4AA3-4F0B-A9E4-D9DFFC52CD02}.Debug|iPhoneSimulator.ActiveCfg = Debug|Any CPU
		{F7AEEF27-4AA3-4F0B-A9E4-D9DFFC52CD02}.Debug|iPhoneSimulator.Build.0 = Debug|Any CPU
		{F7AEEF27-4AA3-4F0B-A9E4-D9DFFC52CD02}.Release|Any CPU.ActiveCfg = Release|Any CPU
		{F7AEEF27-4AA3-4F0B-A9E4-D9DFFC52CD02}.Release|Any CPU.Build.0 = Release|Any CPU
		{F7AEEF27-4AA3-4F0B-A9E4-D9DFFC52CD02}.Release|iPhone.ActiveCfg = Release|Any CPU
		{F7AEEF27-4AA3-4F0B-A9E4-D9DFFC52CD02}.Release|iPhone.Build.0 = Release|Any CPU
		{F7AEEF27-4AA3-4F0B-A9E4-D9DFFC52CD02}.Release|iPhoneSimulator.ActiveCfg = Release|Any CPU
		{F7AEEF27-4AA3-4F0B-A9E4-D9DFFC52CD02}.Release|iPhoneSimulator.Build.0 = Release|Any CPU
		{33779DD1-CDEB-4320-977B-4D050FE06E9F}.Debug|Any CPU.ActiveCfg = Debug|Any CPU
		{33779DD1-CDEB-4320-977B-4D050FE06E9F}.Debug|Any CPU.Build.0 = Debug|Any CPU
		{33779DD1-CDEB-4320-977B-4D050FE06E9F}.Debug|Any CPU.Deploy.0 = Debug|Any CPU
		{33779DD1-CDEB-4320-977B-4D050FE06E9F}.Debug|iPhone.ActiveCfg = Debug|Any CPU
		{33779DD1-CDEB-4320-977B-4D050FE06E9F}.Debug|iPhone.Build.0 = Debug|Any CPU
		{33779DD1-CDEB-4320-977B-4D050FE06E9F}.Debug|iPhone.Deploy.0 = Debug|Any CPU
		{33779DD1-CDEB-4320-977B-4D050FE06E9F}.Debug|iPhoneSimulator.ActiveCfg = Debug|Any CPU
		{33779DD1-CDEB-4320-977B-4D050FE06E9F}.Debug|iPhoneSimulator.Build.0 = Debug|Any CPU
		{33779DD1-CDEB-4320-977B-4D050FE06E9F}.Debug|iPhoneSimulator.Deploy.0 = Debug|Any CPU
		{33779DD1-CDEB-4320-977B-4D050FE06E9F}.Release|Any CPU.ActiveCfg = Release|Any CPU
		{33779DD1-CDEB-4320-977B-4D050FE06E9F}.Release|Any CPU.Build.0 = Release|Any CPU
		{33779DD1-CDEB-4320-977B-4D050FE06E9F}.Release|Any CPU.Deploy.0 = Release|Any CPU
		{33779DD1-CDEB-4320-977B-4D050FE06E9F}.Release|iPhone.ActiveCfg = Release|Any CPU
		{33779DD1-CDEB-4320-977B-4D050FE06E9F}.Release|iPhone.Build.0 = Release|Any CPU
		{33779DD1-CDEB-4320-977B-4D050FE06E9F}.Release|iPhone.Deploy.0 = Release|Any CPU
		{33779DD1-CDEB-4320-977B-4D050FE06E9F}.Release|iPhoneSimulator.ActiveCfg = Release|Any CPU
		{33779DD1-CDEB-4320-977B-4D050FE06E9F}.Release|iPhoneSimulator.Build.0 = Release|Any CPU
		{33779DD1-CDEB-4320-977B-4D050FE06E9F}.Release|iPhoneSimulator.Deploy.0 = Release|Any CPU
		{A2F1AADF-A20D-4646-AE6D-F41F05C4C299}.Debug|Any CPU.ActiveCfg = Debug|iPhoneSimulator
		{A2F1AADF-A20D-4646-AE6D-F41F05C4C299}.Debug|iPhone.ActiveCfg = Debug|iPhone
		{A2F1AADF-A20D-4646-AE6D-F41F05C4C299}.Debug|iPhone.Build.0 = Debug|iPhone
		{A2F1AADF-A20D-4646-AE6D-F41F05C4C299}.Debug|iPhoneSimulator.ActiveCfg = Debug|iPhoneSimulator
		{A2F1AADF-A20D-4646-AE6D-F41F05C4C299}.Debug|iPhoneSimulator.Build.0 = Debug|iPhoneSimulator
		{A2F1AADF-A20D-4646-AE6D-F41F05C4C299}.Release|Any CPU.ActiveCfg = Release|iPhoneSimulator
		{A2F1AADF-A20D-4646-AE6D-F41F05C4C299}.Release|iPhone.ActiveCfg = Release|iPhone
		{A2F1AADF-A20D-4646-AE6D-F41F05C4C299}.Release|iPhone.Build.0 = Release|iPhone
		{A2F1AADF-A20D-4646-AE6D-F41F05C4C299}.Release|iPhoneSimulator.ActiveCfg = Release|iPhoneSimulator
		{A2F1AADF-A20D-4646-AE6D-F41F05C4C299}.Release|iPhoneSimulator.Build.0 = Release|iPhoneSimulator
		{42D37DF0-A489-4F96-87EF-F64FBB5126B2}.Debug|Any CPU.ActiveCfg = Debug|Any CPU
		{42D37DF0-A489-4F96-87EF-F64FBB5126B2}.Debug|Any CPU.Build.0 = Debug|Any CPU
		{42D37DF0-A489-4F96-87EF-F64FBB5126B2}.Debug|iPhone.ActiveCfg = Debug|Any CPU
		{42D37DF0-A489-4F96-87EF-F64FBB5126B2}.Debug|iPhone.Build.0 = Debug|Any CPU
		{42D37DF0-A489-4F96-87EF-F64FBB5126B2}.Debug|iPhoneSimulator.ActiveCfg = Debug|Any CPU
		{42D37DF0-A489-4F96-87EF-F64FBB5126B2}.Debug|iPhoneSimulator.Build.0 = Debug|Any CPU
		{42D37DF0-A489-4F96-87EF-F64FBB5126B2}.Release|Any CPU.ActiveCfg = Release|Any CPU
		{42D37DF0-A489-4F96-87EF-F64FBB5126B2}.Release|Any CPU.Build.0 = Release|Any CPU
		{42D37DF0-A489-4F96-87EF-F64FBB5126B2}.Release|iPhone.ActiveCfg = Release|Any CPU
		{42D37DF0-A489-4F96-87EF-F64FBB5126B2}.Release|iPhone.Build.0 = Release|Any CPU
		{42D37DF0-A489-4F96-87EF-F64FBB5126B2}.Release|iPhoneSimulator.ActiveCfg = Release|Any CPU
		{42D37DF0-A489-4F96-87EF-F64FBB5126B2}.Release|iPhoneSimulator.Build.0 = Release|Any CPU
	EndGlobalSection
	GlobalSection(SolutionProperties) = preSolution
		HideSolutionNode = FALSE
	EndGlobalSection
	GlobalSection(ExtensibilityGlobals) = postSolution
		SolutionGuid = {79FC0787-D29D-4134-890E-4163C8499179}
	EndGlobalSection
EndGlobal
